
Microsoft Visual Studio Solution File, Format Version 12.00
# Visual Studio 15
VisualStudioVersion = 15.0.27703.2047
MinimumVisualStudioVersion = 10.0.40219.1
Project("{FAE04EC0-301F-11D3-BF4B-00C04F79EFBC}") = "AzureFunctionsLearning", "AzureFunctionsLearning\AzureFunctionsLearning.csproj", "{F6C8EA0F-68D4-4DA6-A6BD-4CCACC13ECED}"
EndProject
Global
	GlobalSection(SolutionConfigurationPlatforms) = preSolution
		Debug|Any CPU = Debug|Any CPU
		Release|Any CPU = Release|Any CPU
	EndGlobalSection
	GlobalSection(ProjectConfigurationPlatforms) = postSolution
		{F6C8EA0F-68D4-4DA6-A6BD-4CCACC13ECED}.Debug|Any CPU.ActiveCfg = Debug|Any CPU
		{F6C8EA0F-68D4-4DA6-A6BD-4CCACC13ECED}.Debug|Any CPU.Build.0 = Debug|Any CPU
		{F6C8EA0F-68D4-4DA6-A6BD-4CCACC13ECED}.Release|Any CPU.ActiveCfg = Release|Any CPU
		{F6C8EA0F-68D4-4DA6-A6BD-4CCACC13ECED}.Release|Any CPU.Build.0 = Release|Any CPU
	EndGlobalSection
	GlobalSection(SolutionProperties) = preSolution
		HideSolutionNode = FALSE
	EndGlobalSection
	GlobalSection(ExtensibilityGlobals) = postSolution
		SolutionGuid = {DDF0307B-C396-43A6-89FD-F2A903F67C5C}
	EndGlobalSection
EndGlobal
